{
  "name": "saucelabs",
  "version": "1.5.0",
  "lockfileVersion": 1,
  "requires": true,
  "dependencies": {
    "agent-base": {
      "version": "4.2.0",
      "resolved": "https://connectionseducation.pkgs.visualstudio.com/_packaging/ConnectionsEducationNpm/npm/registry/agent-base/-/agent-base-4.2.0.tgz",
      "integrity": "sha512-c+R/U5X+2zz2+UCrCFv6odQzJdoqI+YecuhnAJLa1zYaMc13zPfwMwZrr91Pd1DYNo/yPRbiM4WVf9whgwFsIg==",
      "requires": {
        "es6-promisify": "^5.0.0"
      }
    },
    "balanced-match": {
      "version": "1.0.0",
      "resolved": "https://connectionseducation.pkgs.visualstudio.com/_packaging/ConnectionsEducationNpm/npm/registry/balanced-match/-/balanced-match-1.0.0.tgz",
      "integrity": "sha1-ibTRmasr7kneFk6gK4nORi1xt2c=",
      "dev": true
    },
    "brace-expansion": {
      "version": "1.1.11",
      "resolved": "https://connectionseducation.pkgs.visualstudio.com/_packaging/ConnectionsEducationNpm/npm/registry/brace-expansion/-/brace-expansion-1.1.11.tgz",
      "integrity": "sha512-iCuPHDFgrHX7H2vEI/5xpz07zSHB00TpugqhmYtVmMO6518mCuRMoOYFldEBl0g187ufozdaHgWKcYFb61qGiA==",
      "dev": true,
      "requires": {
        "balanced-match": "^1.0.0",
        "concat-map": "0.0.1"
      }
    },
    "chai": {
      "version": "1.5.0",
      "resolved": "https://connectionseducation.pkgs.visualstudio.com/_packaging/ConnectionsEducationNpm/npm/registry/chai/-/chai-1.5.0.tgz",
      "integrity": "sha1-mvogA8/LcyiW+ClWjuMIpny+zPA=",
      "dev": true
    },
    "cli": {
      "version": "1.0.1",
      "resolved": "https://connectionseducation.pkgs.visualstudio.com/_packaging/ConnectionsEducationNpm/npm/registry/cli/-/cli-1.0.1.tgz",
      "integrity": "sha1-IoF1NPJL+klQw01TLUjsvGIbjBQ=",
      "dev": true,
      "requires": {
        "exit": "0.1.2",
        "glob": "^7.1.1"
      }
    },
    "commander": {
      "version": "0.6.1",
      "resolved": "https://connectionseducation.pkgs.visualstudio.com/_packaging/ConnectionsEducationNpm/npm/registry/commander/-/commander-0.6.1.tgz",
      "integrity": "sha1-+mihT2qUXVTbvlDYzbMyDp47GgY=",
      "dev": true
    },
    "concat-map": {
      "version": "0.0.1",
      "resolved": "https://connectionseducation.pkgs.visualstudio.com/_packaging/ConnectionsEducationNpm/npm/registry/concat-map/-/concat-map-0.0.1.tgz",
      "integrity": "sha1-2Klr13/Wjfd5OnMDajug1UBdR3s=",
      "dev": true
    },
    "console-browserify": {
      "version": "1.1.0",
      "resolved": "https://connectionseducation.pkgs.visualstudio.com/_packaging/ConnectionsEducationNpm/npm/registry/console-browserify/-/console-browserify-1.1.0.tgz",
      "integrity": "sha1-8CQcRXMKn8YyOyBtvzjtx0HQuxA=",
      "dev": true,
      "requires": {
        "date-now": "^0.1.4"
      }
    },
    "core-util-is": {
      "version": "1.0.2",
      "resolved": "https://connectionseducation.pkgs.visualstudio.com/_packaging/ConnectionsEducationNpm/npm/registry/core-util-is/-/core-util-is-1.0.2.tgz",
      "integrity": "sha1-tf1UIgqivFq1eqtxQMlAdUUDwac=",
      "dev": true
    },
    "date-now": {
      "version": "0.1.4",
      "resolved": "https://connectionseducation.pkgs.visualstudio.com/_packaging/ConnectionsEducationNpm/npm/registry/date-now/-/date-now-0.1.4.tgz",
      "integrity": "sha1-6vQ5/U1ISK105cx9vvIAZyueNFs=",
      "dev": true
    },
    "debug": {
      "version": "3.1.0",
      "resolved": "https://connectionseducation.pkgs.visualstudio.com/_packaging/ConnectionsEducationNpm/npm/registry/debug/-/debug-3.1.0.tgz",
      "integrity": "sha512-OX8XqP7/1a9cqkxYw2yXss15f26NKWBpDXQd0/uK/KPqdQhxbPa994hnzjcE2VqQpDslf55723cKPUOGSmMY3g==",
      "requires": {
        "ms": "2.0.0"
      }
    },
    "diff": {
      "version": "1.0.2",
      "resolved": "https://connectionseducation.pkgs.visualstudio.com/_packaging/ConnectionsEducationNpm/npm/registry/diff/-/diff-1.0.2.tgz",
      "integrity": "sha1-Suc/Gu6Nb89ITxoc53zmUdm38Mk=",
      "dev": true
    },
    "dom-serializer": {
      "version": "0.1.0",
      "resolved": "https://connectionseducation.pkgs.visualstudio.com/_packaging/ConnectionsEducationNpm/npm/registry/dom-serializer/-/dom-serializer-0.1.0.tgz",
      "integrity": "sha1-BzxpdUbOB4DOI75KKOKT5AvDDII=",
      "dev": true,
      "requires": {
        "domelementtype": "~1.1.1",
        "entities": "~1.1.1"
      },
      "dependencies": {
        "domelementtype": {
          "version": "1.1.3",
          "resolved": "https://connectionseducation.pkgs.visualstudio.com/_packaging/ConnectionsEducationNpm/npm/registry/domelementtype/-/domelementtype-1.1.3.tgz",
          "integrity": "sha1-vSh3PiZCiBrsUVRJJCmcXNgiGFs=",
          "dev": true
        },
        "entities": {
          "version": "1.1.1",
          "resolved": "https://connectionseducation.pkgs.visualstudio.com/_packaging/ConnectionsEducationNpm/npm/registry/entities/-/entities-1.1.1.tgz",
          "integrity": "sha1-blwtClYhtdra7O+AuQ7ftc13cvA=",
          "dev": true
        }
      }
    },
    "domelementtype": {
      "version": "1.3.0",
      "resolved": "https://connectionseducation.pkgs.visualstudio.com/_packaging/ConnectionsEducationNpm/npm/registry/domelementtype/-/domelementtype-1.3.0.tgz",
      "integrity": "sha1-sXrtguirWeUt2cGbF1bg/BhyBMI=",
      "dev": true
    },
    "domhandler": {
      "version": "2.3.0",
      "resolved": "https://connectionseducation.pkgs.visualstudio.com/_packaging/ConnectionsEducationNpm/npm/registry/domhandler/-/domhandler-2.3.0.tgz",
      "integrity": "sha1-LeWaCCLVAn+r/28DLCsloqir5zg=",
      "dev": true,
      "requires": {
        "domelementtype": "1"
      }
    },
    "domutils": {
      "version": "1.5.1",
      "resolved": "https://connectionseducation.pkgs.visualstudio.com/_packaging/ConnectionsEducationNpm/npm/registry/domutils/-/domutils-1.5.1.tgz",
      "integrity": "sha1-3NhIiib1Y9YQeeSMn3t+Mjc2gs8=",
      "dev": true,
      "requires": {
        "dom-serializer": "0",
        "domelementtype": "1"
      }
    },
    "entities": {
      "version": "1.0.0",
      "resolved": "https://connectionseducation.pkgs.visualstudio.com/_packaging/ConnectionsEducationNpm/npm/registry/entities/-/entities-1.0.0.tgz",
      "integrity": "sha1-sph6o4ITR/zeZCsk/fyeT7cSvyY=",
      "dev": true
    },
    "es6-promise": {
      "version": "4.2.4",
      "resolved": "https://connectionseducation.pkgs.visualstudio.com/_packaging/ConnectionsEducationNpm/npm/registry/es6-promise/-/es6-promise-4.2.4.tgz",
      "integrity": "sha512-/NdNZVJg+uZgtm9eS3O6lrOLYmQag2DjdEXuPaHlZ6RuVqgqaVZfgYCepEIKsLqwdQArOPtC3XzRLqGGfT8KQQ=="
    },
    "es6-promisify": {
      "version": "5.0.0",
      "resolved": "https://connectionseducation.pkgs.visualstudio.com/_packaging/ConnectionsEducationNpm/npm/registry/es6-promisify/-/es6-promisify-5.0.0.tgz",
      "integrity": "sha1-UQnWLz5W6pZ8S2NQWu8IKRyKUgM=",
      "requires": {
        "es6-promise": "^4.0.3"
      }
    },
    "exit": {
      "version": "0.1.2",
      "resolved": "https://connectionseducation.pkgs.visualstudio.com/_packaging/ConnectionsEducationNpm/npm/registry/exit/-/exit-0.1.2.tgz",
      "integrity": "sha1-BjJjj42HfMghB9MKD/8aF8uhzQw=",
      "dev": true
    },
    "fs.realpath": {
      "version": "1.0.0",
      "resolved": "https://connectionseducation.pkgs.visualstudio.com/_packaging/ConnectionsEducationNpm/npm/registry/fs.realpath/-/fs.realpath-1.0.0.tgz",
      "integrity": "sha1-FQStJSMVjKpA20onh8sBQRmU6k8=",
      "dev": true
    },
    "glob": {
      "version": "7.1.2",
      "resolved": "https://connectionseducation.pkgs.visualstudio.com/_packaging/ConnectionsEducationNpm/npm/registry/glob/-/glob-7.1.2.tgz",
      "integrity": "sha512-MJTUg1kjuLeQCJ+ccE4Vpa6kKVXkPYJ2mOCQyUuKLcLQsdrMCpBPUi8qVE6+YuaJkozeA9NusTAw3hLr8Xe5EQ==",
      "dev": true,
      "requires": {
        "fs.realpath": "^1.0.0",
        "inflight": "^1.0.4",
        "inherits": "2",
        "minimatch": "^3.0.4",
        "once": "^1.3.0",
        "path-is-absolute": "^1.0.0"
      }
    },
    "growl": {
      "version": "1.7.0",
      "resolved": "https://connectionseducation.pkgs.visualstudio.com/_packaging/ConnectionsEducationNpm/npm/registry/growl/-/growl-1.7.0.tgz",
      "integrity": "sha1-3i1mE20ALhErpw8/EMMc98NQsto=",
      "dev": true
    },
    "htmlparser2": {
      "version": "3.8.3",
      "resolved": "https://connectionseducation.pkgs.visualstudio.com/_packaging/ConnectionsEducationNpm/npm/registry/htmlparser2/-/htmlparser2-3.8.3.tgz",
      "integrity": "sha1-mWwosZFRaovoZQGn15dX5ccMEGg=",
      "dev": true,
      "requires": {
        "domelementtype": "1",
        "domhandler": "2.3",
        "domutils": "1.5",
        "entities": "1.0",
        "readable-stream": "1.1"
      }
    },
    "https-proxy-agent": {
      "version": "2.2.1",
      "resolved": "https://connectionseducation.pkgs.visualstudio.com/_packaging/ConnectionsEducationNpm/npm/registry/https-proxy-agent/-/https-proxy-agent-2.2.1.tgz",
      "integrity": "sha512-HPCTS1LW51bcyMYbxUIOO4HEOlQ1/1qRaFWcyxvwaqUS9TY88aoEuHUY33kuAh1YhVVaDQhLZsnPd+XNARWZlQ==",
      "requires": {
        "agent-base": "^4.1.0",
        "debug": "^3.1.0"
      }
    },
    "inflight": {
      "version": "1.0.6",
      "resolved": "https://connectionseducation.pkgs.visualstudio.com/_packaging/ConnectionsEducationNpm/npm/registry/inflight/-/inflight-1.0.6.tgz",
      "integrity": "sha1-Sb1jMdfQLQwJvJEKEHW6gWW1bfk=",
      "dev": true,
      "requires": {
        "once": "^1.3.0",
        "wrappy": "1"
      }
    },
    "inherits": {
      "version": "2.0.3",
      "resolved": "https://connectionseducation.pkgs.visualstudio.com/_packaging/ConnectionsEducationNpm/npm/registry/inherits/-/inherits-2.0.3.tgz",
      "integrity": "sha1-Yzwsg+PaQqUC9SRmAiSA9CCCYd4=",
      "dev": true
    },
    "isarray": {
      "version": "0.0.1",
      "resolved": "https://connectionseducation.pkgs.visualstudio.com/_packaging/ConnectionsEducationNpm/npm/registry/isarray/-/isarray-0.0.1.tgz",
      "integrity": "sha1-ihis/Kmo9Bd+Cav8YDiTmwXR7t8=",
      "dev": true
    },
    "jade": {
      "version": "0.26.3",
      "resolved": "https://connectionseducation.pkgs.visualstudio.com/_packaging/ConnectionsEducationNpm/npm/registry/jade/-/jade-0.26.3.tgz",
      "integrity": "sha1-jxDXl32NefL2/4YqgbBRPMslaGw=",
      "dev": true,
      "requires": {
        "commander": "0.6.1",
        "mkdirp": "0.3.0"
      },
      "dependencies": {
        "mkdirp": {
          "version": "0.3.0",
          "resolved": "https://connectionseducation.pkgs.visualstudio.com/_packaging/ConnectionsEducationNpm/npm/registry/mkdirp/-/mkdirp-0.3.0.tgz",
          "integrity": "sha1-G79asbqCevI1dRQ0kEJkVfSB/h4=",
          "dev": true
        }
      }
    },
    "jshint": {
      "version": "2.9.5",
      "resolved": "https://connectionseducation.pkgs.visualstudio.com/_packaging/ConnectionsEducationNpm/npm/registry/jshint/-/jshint-2.9.5.tgz",
      "integrity": "sha1-HnJSkVzmgbQIJ+4UJIxG006apiw=",
      "dev": true,
      "requires": {
        "cli": "~1.0.0",
        "console-browserify": "1.1.x",
        "exit": "0.1.x",
        "htmlparser2": "3.8.x",
        "lodash": "3.7.x",
        "minimatch": "~3.0.2",
        "shelljs": "0.3.x",
        "strip-json-comments": "1.0.x"
      }
    },
    "lodash": {
      "version": "3.7.0",
      "resolved": "https://connectionseducation.pkgs.visualstudio.com/_packaging/ConnectionsEducationNpm/npm/registry/lodash/-/lodash-3.7.0.tgz",
      "integrity": "sha1-Nni9irmVBXwHreg27S7wh9qBHUU=",
      "dev": true
    },
    "minimatch": {
      "version": "3.0.4",
      "resolved": "https://connectionseducation.pkgs.visualstudio.com/_packaging/ConnectionsEducationNpm/npm/registry/minimatch/-/minimatch-3.0.4.tgz",
      "integrity": "sha512-yJHVQEhyqPLUTgt9B83PXu6W3rx4MvvHvSUvToogpwoGDOUQ+yDrR0HRot+yOCdCO7u4hX3pWft6kWBBcqh0UA==",
      "dev": true,
      "requires": {
        "brace-expansion": "^1.1.7"
      }
    },
    "mkdirp": {
      "version": "0.3.3",
      "resolved": "https://connectionseducation.pkgs.visualstudio.com/_packaging/ConnectionsEducationNpm/npm/registry/mkdirp/-/mkdirp-0.3.3.tgz",
      "integrity": "sha1-WV4lHBNww6aLqyE20ONIuBBa3xM=",
      "dev": true
    },
    "mocha": {
      "version": "1.9.0",
      "resolved": "https://connectionseducation.pkgs.visualstudio.com/_packaging/ConnectionsEducationNpm/npm/registry/mocha/-/mocha-1.9.0.tgz",
      "integrity": "sha1-FBBUsTywPOXOWa7OPWXVygG43wo=",
      "dev": true,
      "requires": {
        "commander": "0.6.1",
        "debug": "*",
        "diff": "1.0.2",
        "growl": "1.7.x",
        "jade": "0.26.3",
        "mkdirp": "0.3.3",
        "ms": "0.3.0"
      },
      "dependencies": {
        "ms": {
          "version": "0.3.0",
          "resolved": "https://connectionseducation.pkgs.visualstudio.com/_packaging/ConnectionsEducationNpm/npm/registry/ms/-/ms-0.3.0.tgz",
          "integrity": "sha1-A+3DSNYT5mpWSGz9rFO8vomcvWE=",
          "dev": true
        }
      }
    },
    "ms": {
      "version": "2.0.0",
      "resolved": "https://connectionseducation.pkgs.visualstudio.com/_packaging/ConnectionsEducationNpm/npm/registry/ms/-/ms-2.0.0.tgz",
      "integrity": "sha1-VgiurfwAvmwpAd9fmGF4jeDVl8g="
    },
    "nock": {
      "version": "0.17.5",
      "resolved": "https://connectionseducation.pkgs.visualstudio.com/_packaging/ConnectionsEducationNpm/npm/registry/nock/-/nock-0.17.5.tgz",
      "integrity": "sha1-/Zag0NURx4Wfd06S1AW7ldugLbA=",
      "dev": true,
      "requires": {
        "propagate": "0.2.x"
      }
    },
    "once": {
      "version": "1.4.0",
      "resolved": "https://connectionseducation.pkgs.visualstudio.com/_packaging/ConnectionsEducationNpm/npm/registry/once/-/once-1.4.0.tgz",
      "integrity": "sha1-WDsap3WWHUsROsF9nFC6753Xa9E=",
      "dev": true,
      "requires": {
        "wrappy": "1"
      }
    },
    "path-is-absolute": {
      "version": "1.0.1",
      "resolved": "https://connectionseducation.pkgs.visualstudio.com/_packaging/ConnectionsEducationNpm/npm/registry/path-is-absolute/-/path-is-absolute-1.0.1.tgz",
      "integrity": "sha1-F0uSaHNVNP+8es5r9TpanhtcX18=",
      "dev": true
    },
    "propagate": {
      "version": "0.2.2",
      "resolved": "https://connectionseducation.pkgs.visualstudio.com/_packaging/ConnectionsEducationNpm/npm/registry/propagate/-/propagate-0.2.2.tgz",
      "integrity": "sha1-F6EW0l2vIJRCbX1oRNJiMsnWkms=",
      "dev": true
    },
    "punycode": {
      "version": "1.3.2",
      "resolved": "https://connectionseducation.pkgs.visualstudio.com/_packaging/ConnectionsEducationNpm/npm/registry/punycode/-/punycode-1.3.2.tgz",
      "integrity": "sha1-llOgNvt8HuQjQvIyXM7v6jkmxI0=",
      "dev": true
    },
    "querystring": {
      "version": "0.2.0",
      "resolved": "https://connectionseducation.pkgs.visualstudio.com/_packaging/ConnectionsEducationNpm/npm/registry/querystring/-/querystring-0.2.0.tgz",
      "integrity": "sha1-sgmEkgO7Jd+CDadW50cAWHhSFiA=",
      "dev": true
    },
    "readable-stream": {
      "version": "1.1.14",
      "resolved": "https://connectionseducation.pkgs.visualstudio.com/_packaging/ConnectionsEducationNpm/npm/registry/readable-stream/-/readable-stream-1.1.14.tgz",
      "integrity": "sha1-fPTFTvZI44EwhMY23SB54WbAgdk=",
      "dev": true,
      "requires": {
        "core-util-is": "~1.0.0",
        "inherits": "~2.0.1",
        "isarray": "0.0.1",
        "string_decoder": "~0.10.x"
      }
    },
    "shelljs": {
      "version": "0.3.0",
      "resolved": "https://connectionseducation.pkgs.visualstudio.com/_packaging/ConnectionsEducationNpm/npm/registry/shelljs/-/shelljs-0.3.0.tgz",
      "integrity": "sha1-NZbmMHp4FUT1kfN9phg2DzHbV7E=",
      "dev": true
    },
    "string_decoder": {
      "version": "0.10.31",
      "resolved": "https://connectionseducation.pkgs.visualstudio.com/_packaging/ConnectionsEducationNpm/npm/registry/string_decoder/-/string_decoder-0.10.31.tgz",
      "integrity": "sha1-YuIDvEF2bGwoyfyEMB2rHFMQ+pQ=",
      "dev": true
    },
    "strip-json-comments": {
      "version": "1.0.4",
      "resolved": "https://connectionseducation.pkgs.visualstudio.com/_packaging/ConnectionsEducationNpm/npm/registry/strip-json-comments/-/strip-json-comments-1.0.4.tgz",
      "integrity": "sha1-HhX7ysl9Pumb8tc7TGVrCCu6+5E=",
      "dev": true
    },
    "url": {
      "version": "0.11.0",
      "resolved": "https://connectionseducation.pkgs.visualstudio.com/_packaging/ConnectionsEducationNpm/npm/registry/url/-/url-0.11.0.tgz",
      "integrity": "sha1-ODjpfPxgUh63PFJajlW/3Z4uKPE=",
      "dev": true,
      "requires": {
        "punycode": "1.3.2",
        "querystring": "0.2.0"
      }
    },
    "wrappy": {
      "version": "1.0.2",
      "resolved": "https://connectionseducation.pkgs.visualstudio.com/_packaging/ConnectionsEducationNpm/npm/registry/wrappy/-/wrappy-1.0.2.tgz",
      "integrity": "sha1-tSQ9jz7BqjXxNkYFvA0QNuMKtp8=",
      "dev": true
    }
  }
}
